// !$*UTF8*$!
{
	archiveVersion = 1;
	classes = {
	};
	objectVersion = 56;
	objects = {

/* Begin PBXBuildFile section */
		251214662AB995EA005B8F43 /* CustomDropdownMenuSearch.swift in Sources */ = {isa = PBXBuildFile; fileRef = 251214652AB995EA005B8F43 /* CustomDropdownMenuSearch.swift */; };
		25292C6F2ABD6F52003845C5 /* NetworkResult.swift in Sources */ = {isa = PBXBuildFile; fileRef = 25292C6E2ABD6F52003845C5 /* NetworkResult.swift */; };
		25292C712ABD6F89003845C5 /* BaseTargetType.swift in Sources */ = {isa = PBXBuildFile; fileRef = 25292C702ABD6F89003845C5 /* BaseTargetType.swift */; };
		25292C732ABD6F9A003845C5 /* BaseAPI.swift in Sources */ = {isa = PBXBuildFile; fileRef = 25292C722ABD6F9A003845C5 /* BaseAPI.swift */; };
		25292C752ABD6FA5003845C5 /* AlamofireLogger.swift in Sources */ = {isa = PBXBuildFile; fileRef = 25292C742ABD6FA5003845C5 /* AlamofireLogger.swift */; };
		25292C892ABDDF00003845C5 /* AllevaluateResponseDTO.swift in Sources */ = {isa = PBXBuildFile; fileRef = 25292C882ABDDF00003845C5 /* AllevaluateResponseDTO.swift */; };
		25292C8B2ABDDF15003845C5 /* EvaluateRouter.swift in Sources */ = {isa = PBXBuildFile; fileRef = 25292C8A2ABDDF15003845C5 /* EvaluateRouter.swift */; };
		25292C8D2ABDDF77003845C5 /* EvaluateAPI.swift in Sources */ = {isa = PBXBuildFile; fileRef = 25292C8C2ABDDF77003845C5 /* EvaluateAPI.swift */; };
		2539B9492A8CA48300E939AA /* AppDelegate.swift in Sources */ = {isa = PBXBuildFile; fileRef = 2539B9482A8CA48300E939AA /* AppDelegate.swift */; };
		2539B94B2A8CA48300E939AA /* SceneDelegate.swift in Sources */ = {isa = PBXBuildFile; fileRef = 2539B94A2A8CA48300E939AA /* SceneDelegate.swift */; };
		2539B9522A8CA48400E939AA /* Assets.xcassets in Resources */ = {isa = PBXBuildFile; fileRef = 2539B9512A8CA48400E939AA /* Assets.xcassets */; };
		2539B9552A8CA48400E939AA /* LaunchScreen.storyboard in Resources */ = {isa = PBXBuildFile; fileRef = 2539B9532A8CA48400E939AA /* LaunchScreen.storyboard */; };
		2539B9652A8CA56100E939AA /* DTO.swift in Sources */ = {isa = PBXBuildFile; fileRef = 2539B9642A8CA56100E939AA /* DTO.swift */; };
		2539B96D2A8CA5BB00E939AA /* Config.swift in Sources */ = {isa = PBXBuildFile; fileRef = 2539B96C2A8CA5BB00E939AA /* Config.swift */; };
		2539B96F2A8CA5C500E939AA /* BaseResponse.swift in Sources */ = {isa = PBXBuildFile; fileRef = 2539B96E2A8CA5C500E939AA /* BaseResponse.swift */; };
		2539B9712A8CA5D100E939AA /* URLConst.swift in Sources */ = {isa = PBXBuildFile; fileRef = 2539B9702A8CA5D100E939AA /* URLConst.swift */; };
		2539B9772A8CA61300E939AA /* BaseView.swift in Sources */ = {isa = PBXBuildFile; fileRef = 2539B9762A8CA61300E939AA /* BaseView.swift */; };
		2539B9792A8CA63D00E939AA /* BaseViewController.swift in Sources */ = {isa = PBXBuildFile; fileRef = 2539B9782A8CA63D00E939AA /* BaseViewController.swift */; };
		2539B97F2A8CA66F00E939AA /* TabBarViewController.swift in Sources */ = {isa = PBXBuildFile; fileRef = 2539B97E2A8CA66F00E939AA /* TabBarViewController.swift */; };
		2539B9832A8CA6AD00E939AA /* Image.xcassets in Resources */ = {isa = PBXBuildFile; fileRef = 2539B9822A8CA6AD00E939AA /* Image.xcassets */; };
		2539B9872A8CA6BF00E939AA /* Font.swift in Sources */ = {isa = PBXBuildFile; fileRef = 2539B9862A8CA6BF00E939AA /* Font.swift */; };
		2539B98F2A8CA70D00E939AA /* UIView++.swift in Sources */ = {isa = PBXBuildFile; fileRef = 2539B98E2A8CA70D00E939AA /* UIView++.swift */; };
		2539B9912A8CA72C00E939AA /* Color.swift in Sources */ = {isa = PBXBuildFile; fileRef = 2539B9902A8CA72C00E939AA /* Color.swift */; };
		2539B9932A8CA73000E939AA /* Image.swift in Sources */ = {isa = PBXBuildFile; fileRef = 2539B9922A8CA73000E939AA /* Image.swift */; };
		2539B9952A8CA73A00E939AA /* Literals.swift in Sources */ = {isa = PBXBuildFile; fileRef = 2539B9942A8CA73A00E939AA /* Literals.swift */; };
		2539B9972A8CA74900E939AA /* FontLevel.swift in Sources */ = {isa = PBXBuildFile; fileRef = 2539B9962A8CA74900E939AA /* FontLevel.swift */; };
		2539B99A2A8CA78700E939AA /* SnapKit in Frameworks */ = {isa = PBXBuildFile; productRef = 2539B9992A8CA78700E939AA /* SnapKit */; };
		2539B99D2A8CA79200E939AA /* Then in Frameworks */ = {isa = PBXBuildFile; productRef = 2539B99C2A8CA79200E939AA /* Then */; };
		2539B9A02A8CA79F00E939AA /* Alamofire in Frameworks */ = {isa = PBXBuildFile; productRef = 2539B99F2A8CA79F00E939AA /* Alamofire */; };
		2539B9AC2A8E499E00E939AA /* EvaluateViewController.swift in Sources */ = {isa = PBXBuildFile; fileRef = 2539B9AB2A8E499E00E939AA /* EvaluateViewController.swift */; };
		2539B9B02A8E4A0600E939AA /* EvaluateTableViewCell.swift in Sources */ = {isa = PBXBuildFile; fileRef = 2539B9AF2A8E4A0600E939AA /* EvaluateTableViewCell.swift */; };
		2539B9B62A8E531300E939AA /* EvaluateDataModel.swift in Sources */ = {isa = PBXBuildFile; fileRef = 2539B9B52A8E531300E939AA /* EvaluateDataModel.swift */; };
		2539B9B82A8E57EF00E939AA /* UIStackView++.swift in Sources */ = {isa = PBXBuildFile; fileRef = 2539B9B72A8E57EF00E939AA /* UIStackView++.swift */; };
		254419682ABD4FD500207250 /* DetailRecommendViewController.swift in Sources */ = {isa = PBXBuildFile; fileRef = 254419672ABD4FD500207250 /* DetailRecommendViewController.swift */; };
		2544196A2ABD501600207250 /* CreateRecommendBottomSheetViewController.swift in Sources */ = {isa = PBXBuildFile; fileRef = 254419692ABD501600207250 /* CreateRecommendBottomSheetViewController.swift */; };
		2544196C2ABD502A00207250 /* AlertViewOfRecommendController.swift in Sources */ = {isa = PBXBuildFile; fileRef = 2544196B2ABD502A00207250 /* AlertViewOfRecommendController.swift */; };
		2544196E2ABD505B00207250 /* importRootTableViewCell.swift in Sources */ = {isa = PBXBuildFile; fileRef = 2544196D2ABD505B00207250 /* importRootTableViewCell.swift */; };
		254419702ABD508200207250 /* ImportRootModel.swift in Sources */ = {isa = PBXBuildFile; fileRef = 2544196F2ABD508200207250 /* ImportRootModel.swift */; };
		254419722ABD50BA00207250 /* CustomRootContainer.swift in Sources */ = {isa = PBXBuildFile; fileRef = 254419712ABD50BA00207250 /* CustomRootContainer.swift */; };
		2549C6CC2AA1BE4D006DB90A /* TabBarItem.swift in Sources */ = {isa = PBXBuildFile; fileRef = 2549C6CB2AA1BE4D006DB90A /* TabBarItem.swift */; };
		258A71D82AA89BB4001E8A5B /* UIResponder++.swift in Sources */ = {isa = PBXBuildFile; fileRef = 258A71D72AA89BB4001E8A5B /* UIResponder++.swift */; };
		258A71DA2AA89C1D001E8A5B /* UITextField++.swift in Sources */ = {isa = PBXBuildFile; fileRef = 258A71D92AA89C1D001E8A5B /* UITextField++.swift */; };
		258A71DC2AA8AFC6001E8A5B /* UIViewController++.swift in Sources */ = {isa = PBXBuildFile; fileRef = 258A71DB2AA8AFC6001E8A5B /* UIViewController++.swift */; };
		258A71DE2AA98EDB001E8A5B /* CreateEvaluateBottomSheetViewController.swift in Sources */ = {isa = PBXBuildFile; fileRef = 258A71DD2AA98EDB001E8A5B /* CreateEvaluateBottomSheetViewController.swift */; };
		258A71E82AA9B7FA001E8A5B /* AlertViewController.swift in Sources */ = {isa = PBXBuildFile; fileRef = 258A71E72AA9B7FA001E8A5B /* AlertViewController.swift */; };
		259435D12AB15E2F00B03EBF /* EssentialSideView.swift in Sources */ = {isa = PBXBuildFile; fileRef = 259435D02AB15E2F00B03EBF /* EssentialSideView.swift */; };
		259435D42AB2DA3E00B03EBF /* EssentialDataModel.swift in Sources */ = {isa = PBXBuildFile; fileRef = 259435D32AB2DA3E00B03EBF /* EssentialDataModel.swift */; };
		259435D62AB2DD8B00B03EBF /* LectureButton.swift in Sources */ = {isa = PBXBuildFile; fileRef = 259435D52AB2DD8B00B03EBF /* LectureButton.swift */; };
		259435D82AB2FB8000B03EBF /* EssentialBottomSheetViewController.swift in Sources */ = {isa = PBXBuildFile; fileRef = 259435D72AB2FB8000B03EBF /* EssentialBottomSheetViewController.swift */; };
		259435DC2AB44CBE00B03EBF /* DetailEvaluateViewController.swift in Sources */ = {isa = PBXBuildFile; fileRef = 259435DB2AB44CBE00B03EBF /* DetailEvaluateViewController.swift */; };
		25D46EE92AAEC5E6008FA088 /* CustomSlider.swift in Sources */ = {isa = PBXBuildFile; fileRef = 25D46EE82AAEC5E6008FA088 /* CustomSlider.swift */; };
		25D46EEB2AAEE531008FA088 /* UIButton++.swift in Sources */ = {isa = PBXBuildFile; fileRef = 25D46EEA2AAEE531008FA088 /* UIButton++.swift */; };
		25D46EF52AAF6ABD008FA088 /* RecommendDataModel.swift in Sources */ = {isa = PBXBuildFile; fileRef = 25D46EF42AAF6ABD008FA088 /* RecommendDataModel.swift */; };
		25D46EFA2AB07E84008FA088 /* EssentialView.swift in Sources */ = {isa = PBXBuildFile; fileRef = 25D46EF92AB07E84008FA088 /* EssentialView.swift */; };
		25D46EFC2AB07E8C008FA088 /* EssentialViewController.swift in Sources */ = {isa = PBXBuildFile; fileRef = 25D46EFB2AB07E8C008FA088 /* EssentialViewController.swift */; };
		25E3EB352AC0A6B500165B9D /* SaveEssentialViewController.swift in Sources */ = {isa = PBXBuildFile; fileRef = 25E3EB342AC0A6B500165B9D /* SaveEssentialViewController.swift */; };
		25E3EB372AC0B07200165B9D /* SaveEssentialContainerView.swift in Sources */ = {isa = PBXBuildFile; fileRef = 25E3EB362AC0B07200165B9D /* SaveEssentialContainerView.swift */; };
		25E3EB392AC0B86800165B9D /* SaveEssentialSubContainerView.swift in Sources */ = {isa = PBXBuildFile; fileRef = 25E3EB382AC0B86800165B9D /* SaveEssentialSubContainerView.swift */; };
		25E3EB3C2AC0DD0800165B9D /* DetailEvaluateDTO.swift in Sources */ = {isa = PBXBuildFile; fileRef = 25E3EB3B2AC0DD0800165B9D /* DetailEvaluateDTO.swift */; };
		25E3EB3E2AC1893C00165B9D /* SemestersDTO.swift in Sources */ = {isa = PBXBuildFile; fileRef = 25E3EB3D2AC1893C00165B9D /* SemestersDTO.swift */; };
		25E3EB422AC1896B00165B9D /* LectureRouter.swift in Sources */ = {isa = PBXBuildFile; fileRef = 25E3EB412AC1896B00165B9D /* LectureRouter.swift */; };
		25E3EB452AC189DA00165B9D /* LectureAPI.swift in Sources */ = {isa = PBXBuildFile; fileRef = 25E3EB442AC189DA00165B9D /* LectureAPI.swift */; };
		25E3EB492AC1C0B400165B9D /* CreateEvaluateDTO.swift in Sources */ = {isa = PBXBuildFile; fileRef = 25E3EB482AC1C0B400165B9D /* CreateEvaluateDTO.swift */; };
		25E3EB4B2AC1C1D400165B9D /* CreateEvaluateRequestBody.swift in Sources */ = {isa = PBXBuildFile; fileRef = 25E3EB4A2AC1C1D400165B9D /* CreateEvaluateRequestBody.swift */; };
		25E3EB522AC27AA300165B9D /* preLectureDTO.swift in Sources */ = {isa = PBXBuildFile; fileRef = 25E3EB512AC27AA300165B9D /* preLectureDTO.swift */; };
		25E3EB542AC27B5700165B9D /* PreLectureRequestBodyElement.swift in Sources */ = {isa = PBXBuildFile; fileRef = 25E3EB532AC27B5700165B9D /* PreLectureRequestBodyElement.swift */; };
		25E3EB572AC27B7700165B9D /* preLectureRouter.swift in Sources */ = {isa = PBXBuildFile; fileRef = 25E3EB562AC27B7700165B9D /* preLectureRouter.swift */; };
		25E3EB5A2AC27C5F00165B9D /* preLectureAPI.swift in Sources */ = {isa = PBXBuildFile; fileRef = 25E3EB592AC27C5F00165B9D /* preLectureAPI.swift */; };
		25E3EB5C2AC28F4F00165B9D /* AllLectureRequestBody.swift in Sources */ = {isa = PBXBuildFile; fileRef = 25E3EB5B2AC28F4F00165B9D /* AllLectureRequestBody.swift */; };
		25E3EB5E2AC28F7A00165B9D /* AllLectureDTO.swift in Sources */ = {isa = PBXBuildFile; fileRef = 25E3EB5D2AC28F7A00165B9D /* AllLectureDTO.swift */; };
		25E3EB602AC28FA000165B9D /* AllProfessorDTO.swift in Sources */ = {isa = PBXBuildFile; fileRef = 25E3EB5F2AC28FA000165B9D /* AllProfessorDTO.swift */; };
		25E3EB622AC28FC100165B9D /* AllProfessorRequestBody.swift in Sources */ = {isa = PBXBuildFile; fileRef = 25E3EB612AC28FC100165B9D /* AllProfessorRequestBody.swift */; };
		25FA1D7F2AA585F50044B38F /* UILabelPadding.swift in Sources */ = {isa = PBXBuildFile; fileRef = 25FA1D7E2AA585F50044B38F /* UILabelPadding.swift */; };
		25FA1D852AA61BEC0044B38F /* CircleGraph.swift in Sources */ = {isa = PBXBuildFile; fileRef = 25FA1D842AA61BEC0044B38F /* CircleGraph.swift */; };
		25FA1D892AA80A290044B38F /* EvaluateTextFieldView.swift in Sources */ = {isa = PBXBuildFile; fileRef = 25FA1D882AA80A290044B38F /* EvaluateTextFieldView.swift */; };
		25FA1D8D2AA820090044B38F /* CreateEvaluateViewController.swift in Sources */ = {isa = PBXBuildFile; fileRef = 25FA1D8C2AA820090044B38F /* CreateEvaluateViewController.swift */; };
		25FA1D8F2AA821B40044B38F /* EvaluateView.swift in Sources */ = {isa = PBXBuildFile; fileRef = 25FA1D8E2AA821B40044B38F /* EvaluateView.swift */; };
		9EC5E2DB2A9458070047E6E7 /* RecommendTableViewCell.swift in Sources */ = {isa = PBXBuildFile; fileRef = 9EC5E2DA2A9458070047E6E7 /* RecommendTableViewCell.swift */; };
		9EC5E2DF2A99B5400047E6E7 /* RecommendVC.swift in Sources */ = {isa = PBXBuildFile; fileRef = 9EC5E2DE2A99B5400047E6E7 /* RecommendVC.swift */; };
		9ECFA9402AAA13C40060D12F /* CreateRecommendVC.swift in Sources */ = {isa = PBXBuildFile; fileRef = 9ECFA93F2AAA13C40060D12F /* CreateRecommendVC.swift */; };
		9ECFA9422AAA15AD0060D12F /* CreateRecommendView.swift in Sources */ = {isa = PBXBuildFile; fileRef = 9ECFA9412AAA15AD0060D12F /* CreateRecommendView.swift */; };
		E3546DDA2A8DF6EF00ACFF3C /* LoginViewController.swift in Sources */ = {isa = PBXBuildFile; fileRef = E3546DD92A8DF6EF00ACFF3C /* LoginViewController.swift */; };
		E3546DE52A8E15CC00ACFF3C /* LoginView.swift in Sources */ = {isa = PBXBuildFile; fileRef = E3546DE42A8E15CC00ACFF3C /* LoginView.swift */; };
		E3546DE72A9EC86A00ACFF3C /* CustomColor.swift in Sources */ = {isa = PBXBuildFile; fileRef = E3546DE62A9EC86A00ACFF3C /* CustomColor.swift */; };
		E3E83D502AA20AFF0047C079 /* SignUpView.swift in Sources */ = {isa = PBXBuildFile; fileRef = E3E83D4F2AA20AFF0047C079 /* SignUpView.swift */; };
		E3E83D522AA20B110047C079 /* SignUpViewController.swift in Sources */ = {isa = PBXBuildFile; fileRef = E3E83D512AA20B110047C079 /* SignUpViewController.swift */; };
		E3EC5CF82AAAF91200325E7D /* RadioButton.swift in Sources */ = {isa = PBXBuildFile; fileRef = E3EC5CF72AAAF91200325E7D /* RadioButton.swift */; };
		E3EC5D022AAD59F500325E7D /* RadioButtonsStack.swift in Sources */ = {isa = PBXBuildFile; fileRef = E3EC5D012AAD59F500325E7D /* RadioButtonsStack.swift */; };
		E3EC5D072AB421E300325E7D /* SettingView.swift in Sources */ = {isa = PBXBuildFile; fileRef = E3EC5D062AB421E300325E7D /* SettingView.swift */; };
		E3EC5D092AB421F600325E7D /* SettingViewController.swift in Sources */ = {isa = PBXBuildFile; fileRef = E3EC5D082AB421F600325E7D /* SettingViewController.swift */; };
		E3EC5D0D2AB6C23D00325E7D /* EditProfileViewController.swift in Sources */ = {isa = PBXBuildFile; fileRef = E3EC5D0C2AB6C23D00325E7D /* EditProfileViewController.swift */; };
		E3EC5D0F2AB96AB700325E7D /* EditProfileView.swift in Sources */ = {isa = PBXBuildFile; fileRef = E3EC5D0E2AB96AB700325E7D /* EditProfileView.swift */; };
		E3EC5D132AB996D700325E7D /* CustomDropDownMenuView.swift in Sources */ = {isa = PBXBuildFile; fileRef = E3EC5D122AB996D700325E7D /* CustomDropDownMenuView.swift */; };
		E3EC5D152ABAE23300325E7D /* CreateEmailAuthViewController.swift in Sources */ = {isa = PBXBuildFile; fileRef = E3EC5D142ABAE23300325E7D /* CreateEmailAuthViewController.swift */; };
/* End PBXBuildFile section */

/* Begin PBXFileReference section */
		251214652AB995EA005B8F43 /* CustomDropdownMenuSearch.swift */ = {isa = PBXFileReference; lastKnownFileType = sourcecode.swift; path = CustomDropdownMenuSearch.swift; sourceTree = "<group>"; };
		25292C6E2ABD6F52003845C5 /* NetworkResult.swift */ = {isa = PBXFileReference; lastKnownFileType = sourcecode.swift; path = NetworkResult.swift; sourceTree = "<group>"; };
		25292C702ABD6F89003845C5 /* BaseTargetType.swift */ = {isa = PBXFileReference; lastKnownFileType = sourcecode.swift; path = BaseTargetType.swift; sourceTree = "<group>"; };
		25292C722ABD6F9A003845C5 /* BaseAPI.swift */ = {isa = PBXFileReference; lastKnownFileType = sourcecode.swift; path = BaseAPI.swift; sourceTree = "<group>"; };
		25292C742ABD6FA5003845C5 /* AlamofireLogger.swift */ = {isa = PBXFileReference; lastKnownFileType = sourcecode.swift; path = AlamofireLogger.swift; sourceTree = "<group>"; };
		25292C882ABDDF00003845C5 /* AllevaluateResponseDTO.swift */ = {isa = PBXFileReference; lastKnownFileType = sourcecode.swift; path = AllevaluateResponseDTO.swift; sourceTree = "<group>"; };
		25292C8A2ABDDF15003845C5 /* EvaluateRouter.swift */ = {isa = PBXFileReference; lastKnownFileType = sourcecode.swift; path = EvaluateRouter.swift; sourceTree = "<group>"; };
		25292C8C2ABDDF77003845C5 /* EvaluateAPI.swift */ = {isa = PBXFileReference; lastKnownFileType = sourcecode.swift; path = EvaluateAPI.swift; sourceTree = "<group>"; };
		2539B9452A8CA48300E939AA /* SKHUAZ.app */ = {isa = PBXFileReference; explicitFileType = wrapper.application; includeInIndex = 0; path = SKHUAZ.app; sourceTree = BUILT_PRODUCTS_DIR; };
		2539B9482A8CA48300E939AA /* AppDelegate.swift */ = {isa = PBXFileReference; lastKnownFileType = sourcecode.swift; path = AppDelegate.swift; sourceTree = "<group>"; };
		2539B94A2A8CA48300E939AA /* SceneDelegate.swift */ = {isa = PBXFileReference; lastKnownFileType = sourcecode.swift; path = SceneDelegate.swift; sourceTree = "<group>"; };
		2539B9512A8CA48400E939AA /* Assets.xcassets */ = {isa = PBXFileReference; lastKnownFileType = folder.assetcatalog; path = Assets.xcassets; sourceTree = "<group>"; };
		2539B9542A8CA48400E939AA /* Base */ = {isa = PBXFileReference; lastKnownFileType = file.storyboard; name = Base; path = Base.lproj/LaunchScreen.storyboard; sourceTree = "<group>"; };
		2539B9562A8CA48400E939AA /* Info.plist */ = {isa = PBXFileReference; lastKnownFileType = text.plist.xml; path = Info.plist; sourceTree = "<group>"; };
		2539B9642A8CA56100E939AA /* DTO.swift */ = {isa = PBXFileReference; lastKnownFileType = sourcecode.swift; path = DTO.swift; sourceTree = "<group>"; };
		2539B96C2A8CA5BB00E939AA /* Config.swift */ = {isa = PBXFileReference; lastKnownFileType = sourcecode.swift; path = Config.swift; sourceTree = "<group>"; };
		2539B96E2A8CA5C500E939AA /* BaseResponse.swift */ = {isa = PBXFileReference; lastKnownFileType = sourcecode.swift; path = BaseResponse.swift; sourceTree = "<group>"; };
		2539B9702A8CA5D100E939AA /* URLConst.swift */ = {isa = PBXFileReference; lastKnownFileType = sourcecode.swift; path = URLConst.swift; sourceTree = "<group>"; };
		2539B9762A8CA61300E939AA /* BaseView.swift */ = {isa = PBXFileReference; lastKnownFileType = sourcecode.swift; path = BaseView.swift; sourceTree = "<group>"; };
		2539B9782A8CA63D00E939AA /* BaseViewController.swift */ = {isa = PBXFileReference; lastKnownFileType = sourcecode.swift; path = BaseViewController.swift; sourceTree = "<group>"; };
		2539B97E2A8CA66F00E939AA /* TabBarViewController.swift */ = {isa = PBXFileReference; lastKnownFileType = sourcecode.swift; path = TabBarViewController.swift; sourceTree = "<group>"; };
		2539B9822A8CA6AD00E939AA /* Image.xcassets */ = {isa = PBXFileReference; lastKnownFileType = folder.assetcatalog; path = Image.xcassets; sourceTree = "<group>"; };
		2539B9862A8CA6BF00E939AA /* Font.swift */ = {isa = PBXFileReference; lastKnownFileType = sourcecode.swift; path = Font.swift; sourceTree = "<group>"; };
		2539B98E2A8CA70D00E939AA /* UIView++.swift */ = {isa = PBXFileReference; lastKnownFileType = sourcecode.swift; path = "UIView++.swift"; sourceTree = "<group>"; };
		2539B9902A8CA72C00E939AA /* Color.swift */ = {isa = PBXFileReference; lastKnownFileType = sourcecode.swift; path = Color.swift; sourceTree = "<group>"; };
		2539B9922A8CA73000E939AA /* Image.swift */ = {isa = PBXFileReference; lastKnownFileType = sourcecode.swift; path = Image.swift; sourceTree = "<group>"; };
		2539B9942A8CA73A00E939AA /* Literals.swift */ = {isa = PBXFileReference; lastKnownFileType = sourcecode.swift; path = Literals.swift; sourceTree = "<group>"; };
		2539B9962A8CA74900E939AA /* FontLevel.swift */ = {isa = PBXFileReference; lastKnownFileType = sourcecode.swift; path = FontLevel.swift; sourceTree = "<group>"; };
		2539B9AB2A8E499E00E939AA /* EvaluateViewController.swift */ = {isa = PBXFileReference; lastKnownFileType = sourcecode.swift; path = EvaluateViewController.swift; sourceTree = "<group>"; };
		2539B9AF2A8E4A0600E939AA /* EvaluateTableViewCell.swift */ = {isa = PBXFileReference; lastKnownFileType = sourcecode.swift; path = EvaluateTableViewCell.swift; sourceTree = "<group>"; };
		2539B9B52A8E531300E939AA /* EvaluateDataModel.swift */ = {isa = PBXFileReference; lastKnownFileType = sourcecode.swift; path = EvaluateDataModel.swift; sourceTree = "<group>"; };
		2539B9B72A8E57EF00E939AA /* UIStackView++.swift */ = {isa = PBXFileReference; lastKnownFileType = sourcecode.swift; path = "UIStackView++.swift"; sourceTree = "<group>"; };
		254419672ABD4FD500207250 /* DetailRecommendViewController.swift */ = {isa = PBXFileReference; lastKnownFileType = sourcecode.swift; path = DetailRecommendViewController.swift; sourceTree = "<group>"; };
		254419692ABD501600207250 /* CreateRecommendBottomSheetViewController.swift */ = {isa = PBXFileReference; lastKnownFileType = sourcecode.swift; path = CreateRecommendBottomSheetViewController.swift; sourceTree = "<group>"; };
		2544196B2ABD502A00207250 /* AlertViewOfRecommendController.swift */ = {isa = PBXFileReference; lastKnownFileType = sourcecode.swift; path = AlertViewOfRecommendController.swift; sourceTree = "<group>"; };
		2544196D2ABD505B00207250 /* importRootTableViewCell.swift */ = {isa = PBXFileReference; lastKnownFileType = sourcecode.swift; path = importRootTableViewCell.swift; sourceTree = "<group>"; };
		2544196F2ABD508200207250 /* ImportRootModel.swift */ = {isa = PBXFileReference; lastKnownFileType = sourcecode.swift; path = ImportRootModel.swift; sourceTree = "<group>"; };
		254419712ABD50BA00207250 /* CustomRootContainer.swift */ = {isa = PBXFileReference; lastKnownFileType = sourcecode.swift; path = CustomRootContainer.swift; sourceTree = "<group>"; };
		2549C6CB2AA1BE4D006DB90A /* TabBarItem.swift */ = {isa = PBXFileReference; lastKnownFileType = sourcecode.swift; path = TabBarItem.swift; sourceTree = "<group>"; };
		258A71D72AA89BB4001E8A5B /* UIResponder++.swift */ = {isa = PBXFileReference; lastKnownFileType = sourcecode.swift; path = "UIResponder++.swift"; sourceTree = "<group>"; };
		258A71D92AA89C1D001E8A5B /* UITextField++.swift */ = {isa = PBXFileReference; lastKnownFileType = sourcecode.swift; path = "UITextField++.swift"; sourceTree = "<group>"; };
		258A71DB2AA8AFC6001E8A5B /* UIViewController++.swift */ = {isa = PBXFileReference; lastKnownFileType = sourcecode.swift; path = "UIViewController++.swift"; sourceTree = "<group>"; };
		258A71DD2AA98EDB001E8A5B /* CreateEvaluateBottomSheetViewController.swift */ = {isa = PBXFileReference; lastKnownFileType = sourcecode.swift; path = CreateEvaluateBottomSheetViewController.swift; sourceTree = "<group>"; };
		258A71E72AA9B7FA001E8A5B /* AlertViewController.swift */ = {isa = PBXFileReference; lastKnownFileType = sourcecode.swift; path = AlertViewController.swift; sourceTree = "<group>"; };
		259435D02AB15E2F00B03EBF /* EssentialSideView.swift */ = {isa = PBXFileReference; lastKnownFileType = sourcecode.swift; path = EssentialSideView.swift; sourceTree = "<group>"; };
		259435D32AB2DA3E00B03EBF /* EssentialDataModel.swift */ = {isa = PBXFileReference; lastKnownFileType = sourcecode.swift; path = EssentialDataModel.swift; sourceTree = "<group>"; };
		259435D52AB2DD8B00B03EBF /* LectureButton.swift */ = {isa = PBXFileReference; lastKnownFileType = sourcecode.swift; path = LectureButton.swift; sourceTree = "<group>"; };
		259435D72AB2FB8000B03EBF /* EssentialBottomSheetViewController.swift */ = {isa = PBXFileReference; lastKnownFileType = sourcecode.swift; path = EssentialBottomSheetViewController.swift; sourceTree = "<group>"; };
		259435DB2AB44CBE00B03EBF /* DetailEvaluateViewController.swift */ = {isa = PBXFileReference; lastKnownFileType = sourcecode.swift; path = DetailEvaluateViewController.swift; sourceTree = "<group>"; };
		25D46EE82AAEC5E6008FA088 /* CustomSlider.swift */ = {isa = PBXFileReference; lastKnownFileType = sourcecode.swift; path = CustomSlider.swift; sourceTree = "<group>"; };
		25D46EEA2AAEE531008FA088 /* UIButton++.swift */ = {isa = PBXFileReference; lastKnownFileType = sourcecode.swift; path = "UIButton++.swift"; sourceTree = "<group>"; };
		25D46EF42AAF6ABD008FA088 /* RecommendDataModel.swift */ = {isa = PBXFileReference; lastKnownFileType = sourcecode.swift; path = RecommendDataModel.swift; sourceTree = "<group>"; };
		25D46EF92AB07E84008FA088 /* EssentialView.swift */ = {isa = PBXFileReference; lastKnownFileType = sourcecode.swift; path = EssentialView.swift; sourceTree = "<group>"; };
		25D46EFB2AB07E8C008FA088 /* EssentialViewController.swift */ = {isa = PBXFileReference; lastKnownFileType = sourcecode.swift; path = EssentialViewController.swift; sourceTree = "<group>"; };
		25E3EB342AC0A6B500165B9D /* SaveEssentialViewController.swift */ = {isa = PBXFileReference; lastKnownFileType = sourcecode.swift; path = SaveEssentialViewController.swift; sourceTree = "<group>"; };
		25E3EB362AC0B07200165B9D /* SaveEssentialContainerView.swift */ = {isa = PBXFileReference; lastKnownFileType = sourcecode.swift; path = SaveEssentialContainerView.swift; sourceTree = "<group>"; };
		25E3EB382AC0B86800165B9D /* SaveEssentialSubContainerView.swift */ = {isa = PBXFileReference; lastKnownFileType = sourcecode.swift; path = SaveEssentialSubContainerView.swift; sourceTree = "<group>"; };
		25E3EB3B2AC0DD0800165B9D /* DetailEvaluateDTO.swift */ = {isa = PBXFileReference; lastKnownFileType = sourcecode.swift; path = DetailEvaluateDTO.swift; sourceTree = "<group>"; };
		25E3EB3D2AC1893C00165B9D /* SemestersDTO.swift */ = {isa = PBXFileReference; lastKnownFileType = sourcecode.swift; path = SemestersDTO.swift; sourceTree = "<group>"; };
		25E3EB412AC1896B00165B9D /* LectureRouter.swift */ = {isa = PBXFileReference; lastKnownFileType = sourcecode.swift; path = LectureRouter.swift; sourceTree = "<group>"; };
		25E3EB442AC189DA00165B9D /* LectureAPI.swift */ = {isa = PBXFileReference; lastKnownFileType = sourcecode.swift; path = LectureAPI.swift; sourceTree = "<group>"; };
		25E3EB482AC1C0B400165B9D /* CreateEvaluateDTO.swift */ = {isa = PBXFileReference; lastKnownFileType = sourcecode.swift; path = CreateEvaluateDTO.swift; sourceTree = "<group>"; };
		25E3EB4A2AC1C1D400165B9D /* CreateEvaluateRequestBody.swift */ = {isa = PBXFileReference; lastKnownFileType = sourcecode.swift; path = CreateEvaluateRequestBody.swift; sourceTree = "<group>"; };
		25E3EB512AC27AA300165B9D /* preLectureDTO.swift */ = {isa = PBXFileReference; lastKnownFileType = sourcecode.swift; path = preLectureDTO.swift; sourceTree = "<group>"; };
		25E3EB532AC27B5700165B9D /* PreLectureRequestBodyElement.swift */ = {isa = PBXFileReference; lastKnownFileType = sourcecode.swift; path = PreLectureRequestBodyElement.swift; sourceTree = "<group>"; };
		25E3EB562AC27B7700165B9D /* preLectureRouter.swift */ = {isa = PBXFileReference; lastKnownFileType = sourcecode.swift; path = preLectureRouter.swift; sourceTree = "<group>"; };
		25E3EB592AC27C5F00165B9D /* preLectureAPI.swift */ = {isa = PBXFileReference; lastKnownFileType = sourcecode.swift; path = preLectureAPI.swift; sourceTree = "<group>"; };
		25E3EB5B2AC28F4F00165B9D /* AllLectureRequestBody.swift */ = {isa = PBXFileReference; lastKnownFileType = sourcecode.swift; path = AllLectureRequestBody.swift; sourceTree = "<group>"; };
		25E3EB5D2AC28F7A00165B9D /* AllLectureDTO.swift */ = {isa = PBXFileReference; lastKnownFileType = sourcecode.swift; path = AllLectureDTO.swift; sourceTree = "<group>"; };
		25E3EB5F2AC28FA000165B9D /* AllProfessorDTO.swift */ = {isa = PBXFileReference; lastKnownFileType = sourcecode.swift; path = AllProfessorDTO.swift; sourceTree = "<group>"; };
		25E3EB612AC28FC100165B9D /* AllProfessorRequestBody.swift */ = {isa = PBXFileReference; lastKnownFileType = sourcecode.swift; path = AllProfessorRequestBody.swift; sourceTree = "<group>"; };
		25FA1D7E2AA585F50044B38F /* UILabelPadding.swift */ = {isa = PBXFileReference; lastKnownFileType = sourcecode.swift; path = UILabelPadding.swift; sourceTree = "<group>"; };
		25FA1D842AA61BEC0044B38F /* CircleGraph.swift */ = {isa = PBXFileReference; lastKnownFileType = sourcecode.swift; path = CircleGraph.swift; sourceTree = "<group>"; };
		25FA1D882AA80A290044B38F /* EvaluateTextFieldView.swift */ = {isa = PBXFileReference; lastKnownFileType = sourcecode.swift; path = EvaluateTextFieldView.swift; sourceTree = "<group>"; };
		25FA1D8C2AA820090044B38F /* CreateEvaluateViewController.swift */ = {isa = PBXFileReference; lastKnownFileType = sourcecode.swift; path = CreateEvaluateViewController.swift; sourceTree = "<group>"; };
		25FA1D8E2AA821B40044B38F /* EvaluateView.swift */ = {isa = PBXFileReference; lastKnownFileType = sourcecode.swift; path = EvaluateView.swift; sourceTree = "<group>"; };
		9EC5E2DA2A9458070047E6E7 /* RecommendTableViewCell.swift */ = {isa = PBXFileReference; lastKnownFileType = sourcecode.swift; path = RecommendTableViewCell.swift; sourceTree = "<group>"; };
		9EC5E2DE2A99B5400047E6E7 /* RecommendVC.swift */ = {isa = PBXFileReference; lastKnownFileType = sourcecode.swift; path = RecommendVC.swift; sourceTree = "<group>"; };
		9EC5E2E02A99EBF40047E6E7 /* TestViewController.swift */ = {isa = PBXFileReference; lastKnownFileType = sourcecode.swift; path = TestViewController.swift; sourceTree = "<group>"; };
		9ECFA93F2AAA13C40060D12F /* CreateRecommendVC.swift */ = {isa = PBXFileReference; lastKnownFileType = sourcecode.swift; path = CreateRecommendVC.swift; sourceTree = "<group>"; };
		9ECFA9412AAA15AD0060D12F /* CreateRecommendView.swift */ = {isa = PBXFileReference; lastKnownFileType = sourcecode.swift; path = CreateRecommendView.swift; sourceTree = "<group>"; };
		E3546DD92A8DF6EF00ACFF3C /* LoginViewController.swift */ = {isa = PBXFileReference; lastKnownFileType = sourcecode.swift; path = LoginViewController.swift; sourceTree = "<group>"; };
		E3546DE42A8E15CC00ACFF3C /* LoginView.swift */ = {isa = PBXFileReference; lastKnownFileType = sourcecode.swift; path = LoginView.swift; sourceTree = "<group>"; };
		E3546DE62A9EC86A00ACFF3C /* CustomColor.swift */ = {isa = PBXFileReference; lastKnownFileType = sourcecode.swift; path = CustomColor.swift; sourceTree = "<group>"; };
		E3E83D4F2AA20AFF0047C079 /* SignUpView.swift */ = {isa = PBXFileReference; lastKnownFileType = sourcecode.swift; path = SignUpView.swift; sourceTree = "<group>"; };
		E3E83D512AA20B110047C079 /* SignUpViewController.swift */ = {isa = PBXFileReference; lastKnownFileType = sourcecode.swift; path = SignUpViewController.swift; sourceTree = "<group>"; };
		E3EC5CF72AAAF91200325E7D /* RadioButton.swift */ = {isa = PBXFileReference; lastKnownFileType = sourcecode.swift; path = RadioButton.swift; sourceTree = "<group>"; };
		E3EC5D012AAD59F500325E7D /* RadioButtonsStack.swift */ = {isa = PBXFileReference; lastKnownFileType = sourcecode.swift; path = RadioButtonsStack.swift; sourceTree = "<group>"; };
		E3EC5D062AB421E300325E7D /* SettingView.swift */ = {isa = PBXFileReference; lastKnownFileType = sourcecode.swift; path = SettingView.swift; sourceTree = "<group>"; };
		E3EC5D082AB421F600325E7D /* SettingViewController.swift */ = {isa = PBXFileReference; lastKnownFileType = sourcecode.swift; path = SettingViewController.swift; sourceTree = "<group>"; };
		E3EC5D0C2AB6C23D00325E7D /* EditProfileViewController.swift */ = {isa = PBXFileReference; lastKnownFileType = sourcecode.swift; path = EditProfileViewController.swift; sourceTree = "<group>"; };
		E3EC5D0E2AB96AB700325E7D /* EditProfileView.swift */ = {isa = PBXFileReference; lastKnownFileType = sourcecode.swift; path = EditProfileView.swift; sourceTree = "<group>"; };
		E3EC5D122AB996D700325E7D /* CustomDropDownMenuView.swift */ = {isa = PBXFileReference; lastKnownFileType = sourcecode.swift; path = CustomDropDownMenuView.swift; sourceTree = "<group>"; };
		E3EC5D142ABAE23300325E7D /* CreateEmailAuthViewController.swift */ = {isa = PBXFileReference; lastKnownFileType = sourcecode.swift; path = CreateEmailAuthViewController.swift; sourceTree = "<group>"; };
/* End PBXFileReference section */

/* Begin PBXFrameworksBuildPhase section */
		2539B9422A8CA48300E939AA /* Frameworks */ = {
			isa = PBXFrameworksBuildPhase;
			buildActionMask = 2147483647;
			files = (
				2539B9A02A8CA79F00E939AA /* Alamofire in Frameworks */,
				2539B99A2A8CA78700E939AA /* SnapKit in Frameworks */,
				2539B99D2A8CA79200E939AA /* Then in Frameworks */,
			);
			runOnlyForDeploymentPostprocessing = 0;
		};
/* End PBXFrameworksBuildPhase section */

/* Begin PBXGroup section */
		25292C682ABD6823003845C5 /* API */ = {
			isa = PBXGroup;
			children = (
				25E3EB582AC27C5900165B9D /* preLecture */,
				25E3EB432AC189C800165B9D /* Lecture */,
				25292C7C2ABD766B003845C5 /* Evaluates */,
			);
			path = API;
			sourceTree = "<group>";
		};
		25292C692ABD6837003845C5 /* Config */ = {
			isa = PBXGroup;
			children = (
				2539B96C2A8CA5BB00E939AA /* Config.swift */,
			);
			path = Config;
			sourceTree = "<group>";
		};
		25292C7C2ABD766B003845C5 /* Evaluates */ = {
			isa = PBXGroup;
			children = (
				25292C8C2ABDDF77003845C5 /* EvaluateAPI.swift */,
			);
			path = Evaluates;
			sourceTree = "<group>";
		};
		25292C832ABD86DE003845C5 /* EvaluateRouter */ = {
			isa = PBXGroup;
			children = (
				25292C8A2ABDDF15003845C5 /* EvaluateRouter.swift */,
			);
			path = EvaluateRouter;
			sourceTree = "<group>";
		};
		2539B93C2A8CA48300E939AA = {
			isa = PBXGroup;
			children = (
				2539B9472A8CA48300E939AA /* SKHUAZ */,
				2539B9462A8CA48300E939AA /* Products */,
			);
			sourceTree = "<group>";
		};
		2539B9462A8CA48300E939AA /* Products */ = {
			isa = PBXGroup;
			children = (
				2539B9452A8CA48300E939AA /* SKHUAZ.app */,
			);
			name = Products;
			sourceTree = "<group>";
		};
		2539B9472A8CA48300E939AA /* SKHUAZ */ = {
			isa = PBXGroup;
			children = (
				2539B9612A8CA51300E939AA /* Application */,
				2539B95F2A8CA51100E939AA /* Network */,
				2539B95E2A8CA50400E939AA /* Presentation */,
				2539B95D2A8CA50300E939AA /* Resource */,
				2539B95C2A8CA50100E939AA /* Util */,
			);
			path = SKHUAZ;
			sourceTree = "<group>";
		};
		2539B95C2A8CA50100E939AA /* Util */ = {
			isa = PBXGroup;
			children = (
				2539B98B2A8CA6D200E939AA /* CustomClass */,
				2539B98A2A8CA6D100E939AA /* Extension */,
				2539B9892A8CA6D000E939AA /* NameSpace */,
				2539B9882A8CA6CE00E939AA /* StyleGuide */,
			);
			path = Util;
			sourceTree = "<group>";
		};
		2539B95D2A8CA50300E939AA /* Resource */ = {
			isa = PBXGroup;
			children = (
				2539B9812A8CA68100E939AA /* AsseCatalog */,
				2539B9802A8CA68000E939AA /* Font */,
				2539B9532A8CA48400E939AA /* LaunchScreen.storyboard */,
			);
			path = Resource;
			sourceTree = "<group>";
		};
		2539B95E2A8CA50400E939AA /* Presentation */ = {
			isa = PBXGroup;
			children = (
				E3EC5D032AB421B700325E7D /* Setting */,
				25D46EF62AB07E5C008FA088 /* Essential */,
				9EC5E2D22A924BB40047E6E7 /* Recommend */,
				E3E83D4C2AA2097E0047C079 /* SignUp */,
				E3546DD62A8DECD900ACFF3C /* Login */,
				2539B9A62A8E47D700E939AA /* Evaluate */,
				2539B9732A8CA5E500E939AA /* Base */,
				2539B9722A8CA5E400E939AA /* TabBar */,
			);
			path = Presentation;
			sourceTree = "<group>";
		};
		2539B95F2A8CA51100E939AA /* Network */ = {
			isa = PBXGroup;
			children = (
				2539B9632A8CA55700E939AA /* DTO */,
				2539B9692A8CA58F00E939AA /* Router */,
				2539B9682A8CA58F00E939AA /* Foundation */,
				25292C682ABD6823003845C5 /* API */,
				25292C692ABD6837003845C5 /* Config */,
			);
			path = Network;
			sourceTree = "<group>";
		};
		2539B9612A8CA51300E939AA /* Application */ = {
			isa = PBXGroup;
			children = (
				2539B9482A8CA48300E939AA /* AppDelegate.swift */,
				2539B94A2A8CA48300E939AA /* SceneDelegate.swift */,
				2539B9562A8CA48400E939AA /* Info.plist */,
			);
			path = Application;
			sourceTree = "<group>";
		};
		2539B9632A8CA55700E939AA /* DTO */ = {
			isa = PBXGroup;
			children = (
				25E3EB502AC27A8D00165B9D /* preLecture */,
				25E3EB3F2AC1894A00165B9D /* Lecture */,
				25E3EB3A2AC0DCC900165B9D /* Evaluate */,
				2539B9642A8CA56100E939AA /* DTO.swift */,
			);
			path = DTO;
			sourceTree = "<group>";
		};
		2539B9682A8CA58F00E939AA /* Foundation */ = {
			isa = PBXGroup;
			children = (
				2539B96E2A8CA5C500E939AA /* BaseResponse.swift */,
				2539B9702A8CA5D100E939AA /* URLConst.swift */,
				25292C6E2ABD6F52003845C5 /* NetworkResult.swift */,
				25292C702ABD6F89003845C5 /* BaseTargetType.swift */,
				25292C722ABD6F9A003845C5 /* BaseAPI.swift */,
				25292C742ABD6FA5003845C5 /* AlamofireLogger.swift */,
			);
			path = Foundation;
			sourceTree = "<group>";
		};
		2539B9692A8CA58F00E939AA /* Router */ = {
			isa = PBXGroup;
			children = (
				25E3EB552AC27B6600165B9D /* preLecture */,
				25E3EB402AC1895900165B9D /* LectureRouter */,
				25292C832ABD86DE003845C5 /* EvaluateRouter */,
			);
			path = Router;
			sourceTree = "<group>";
		};
		2539B9722A8CA5E400E939AA /* TabBar */ = {
			isa = PBXGroup;
			children = (
				2549C6CB2AA1BE4D006DB90A /* TabBarItem.swift */,
				2539B97E2A8CA66F00E939AA /* TabBarViewController.swift */,
			);
			path = TabBar;
			sourceTree = "<group>";
		};
		2539B9732A8CA5E500E939AA /* Base */ = {
			isa = PBXGroup;
			children = (
				2539B9742A8CA5FD00E939AA /* View */,
				2539B9752A8CA60300E939AA /* ViewController */,
			);
			path = Base;
			sourceTree = "<group>";
		};
		2539B9742A8CA5FD00E939AA /* View */ = {
			isa = PBXGroup;
			children = (
				2539B9762A8CA61300E939AA /* BaseView.swift */,
			);
			path = View;
			sourceTree = "<group>";
		};
		2539B9752A8CA60300E939AA /* ViewController */ = {
			isa = PBXGroup;
			children = (
				9EC5E2E02A99EBF40047E6E7 /* TestViewController.swift */,
				2539B9782A8CA63D00E939AA /* BaseViewController.swift */,
			);
			path = ViewController;
			sourceTree = "<group>";
		};
		2539B9802A8CA68000E939AA /* Font */ = {
			isa = PBXGroup;
			children = (
				2539B9862A8CA6BF00E939AA /* Font.swift */,
			);
			path = Font;
			sourceTree = "<group>";
		};
		2539B9812A8CA68100E939AA /* AsseCatalog */ = {
			isa = PBXGroup;
			children = (
				2539B9512A8CA48400E939AA /* Assets.xcassets */,
				2539B9822A8CA6AD00E939AA /* Image.xcassets */,
			);
			path = AsseCatalog;
			sourceTree = "<group>";
		};
		2539B9882A8CA6CE00E939AA /* StyleGuide */ = {
			isa = PBXGroup;
			children = (
				2539B9962A8CA74900E939AA /* FontLevel.swift */,
				E3546DE62A9EC86A00ACFF3C /* CustomColor.swift */,
			);
			path = StyleGuide;
			sourceTree = "<group>";
		};
		2539B9892A8CA6D000E939AA /* NameSpace */ = {
			isa = PBXGroup;
			children = (
				2539B9902A8CA72C00E939AA /* Color.swift */,
				2539B9922A8CA73000E939AA /* Image.swift */,
				2539B9942A8CA73A00E939AA /* Literals.swift */,
			);
			path = NameSpace;
			sourceTree = "<group>";
		};
		2539B98A2A8CA6D100E939AA /* Extension */ = {
			isa = PBXGroup;
			children = (
				2539B98E2A8CA70D00E939AA /* UIView++.swift */,
				2539B9B72A8E57EF00E939AA /* UIStackView++.swift */,
				258A71D72AA89BB4001E8A5B /* UIResponder++.swift */,
				258A71DB2AA8AFC6001E8A5B /* UIViewController++.swift */,
				258A71D92AA89C1D001E8A5B /* UITextField++.swift */,
				25D46EEA2AAEE531008FA088 /* UIButton++.swift */,
			);
			path = Extension;
			sourceTree = "<group>";
		};
		2539B98B2A8CA6D200E939AA /* CustomClass */ = {
			isa = PBXGroup;
			children = (
				E3EC5CF72AAAF91200325E7D /* RadioButton.swift */,
				E3EC5D122AB996D700325E7D /* CustomDropDownMenuView.swift */,
				E3EC5D012AAD59F500325E7D /* RadioButtonsStack.swift */,
				25E3EB362AC0B07200165B9D /* SaveEssentialContainerView.swift */,
				25FA1D7E2AA585F50044B38F /* UILabelPadding.swift */,
				258A71E72AA9B7FA001E8A5B /* AlertViewController.swift */,
				25FA1D842AA61BEC0044B38F /* CircleGraph.swift */,
				25FA1D882AA80A290044B38F /* EvaluateTextFieldView.swift */,
				25D46EE82AAEC5E6008FA088 /* CustomSlider.swift */,
				259435D52AB2DD8B00B03EBF /* LectureButton.swift */,
				251214652AB995EA005B8F43 /* CustomDropdownMenuSearch.swift */,
				254419712ABD50BA00207250 /* CustomRootContainer.swift */,
				25E3EB382AC0B86800165B9D /* SaveEssentialSubContainerView.swift */,
			);
			path = CustomClass;
			sourceTree = "<group>";
		};
		2539B9A62A8E47D700E939AA /* Evaluate */ = {
			isa = PBXGroup;
			children = (
				2539B9B42A8E515200E939AA /* DataModel */,
				2539B9AA2A8E497E00E939AA /* View */,
				2539B9A92A8E47DF00E939AA /* ViewController */,
			);
			path = Evaluate;
			sourceTree = "<group>";
		};
		2539B9A92A8E47DF00E939AA /* ViewController */ = {
			isa = PBXGroup;
			children = (
				2539B9AB2A8E499E00E939AA /* EvaluateViewController.swift */,
				259435DB2AB44CBE00B03EBF /* DetailEvaluateViewController.swift */,
				25FA1D8C2AA820090044B38F /* CreateEvaluateViewController.swift */,
				258A71DD2AA98EDB001E8A5B /* CreateEvaluateBottomSheetViewController.swift */,
			);
			path = ViewController;
			sourceTree = "<group>";
		};
		2539B9AA2A8E497E00E939AA /* View */ = {
			isa = PBXGroup;
			children = (
				2539B9AF2A8E4A0600E939AA /* EvaluateTableViewCell.swift */,
				25FA1D8E2AA821B40044B38F /* EvaluateView.swift */,
			);
			path = View;
			sourceTree = "<group>";
		};
		2539B9B42A8E515200E939AA /* DataModel */ = {
			isa = PBXGroup;
			children = (
				2539B9B52A8E531300E939AA /* EvaluateDataModel.swift */,
			);
			path = DataModel;
			sourceTree = "<group>";
		};
		259435D22AB2DA2900B03EBF /* DataModel */ = {
			isa = PBXGroup;
			children = (
				259435D32AB2DA3E00B03EBF /* EssentialDataModel.swift */,
			);
			path = DataModel;
			sourceTree = "<group>";
		};
		25D46EF62AB07E5C008FA088 /* Essential */ = {
			isa = PBXGroup;
			children = (
				259435D22AB2DA2900B03EBF /* DataModel */,
				25D46EF82AB07E6E008FA088 /* View */,
				25D46EF72AB07E6D008FA088 /* ViewController */,
			);
			path = Essential;
			sourceTree = "<group>";
		};
		25D46EF72AB07E6D008FA088 /* ViewController */ = {
			isa = PBXGroup;
			children = (
				25D46EFB2AB07E8C008FA088 /* EssentialViewController.swift */,
				25E3EB342AC0A6B500165B9D /* SaveEssentialViewController.swift */,
				259435D72AB2FB8000B03EBF /* EssentialBottomSheetViewController.swift */,
			);
			path = ViewController;
			sourceTree = "<group>";
		};
		25D46EF82AB07E6E008FA088 /* View */ = {
			isa = PBXGroup;
			children = (
				25D46EF92AB07E84008FA088 /* EssentialView.swift */,
				259435D02AB15E2F00B03EBF /* EssentialSideView.swift */,
			);
			path = View;
			sourceTree = "<group>";
		};
		25E3EB3A2AC0DCC900165B9D /* Evaluate */ = {
			isa = PBXGroup;
			children = (
				25292C882ABDDF00003845C5 /* AllevaluateResponseDTO.swift */,
				25E3EB482AC1C0B400165B9D /* CreateEvaluateDTO.swift */,
				25E3EB3B2AC0DD0800165B9D /* DetailEvaluateDTO.swift */,
				25E3EB4A2AC1C1D400165B9D /* CreateEvaluateRequestBody.swift */,
			);
			path = Evaluate;
			sourceTree = "<group>";
		};
		25E3EB3F2AC1894A00165B9D /* Lecture */ = {
			isa = PBXGroup;
			children = (
				25E3EB3D2AC1893C00165B9D /* SemestersDTO.swift */,
				25E3EB5B2AC28F4F00165B9D /* AllLectureRequestBody.swift */,
				25E3EB5D2AC28F7A00165B9D /* AllLectureDTO.swift */,
				25E3EB5F2AC28FA000165B9D /* AllProfessorDTO.swift */,
				25E3EB612AC28FC100165B9D /* AllProfessorRequestBody.swift */,
			);
			path = Lecture;
			sourceTree = "<group>";
		};
		25E3EB402AC1895900165B9D /* LectureRouter */ = {
			isa = PBXGroup;
			children = (
				25E3EB412AC1896B00165B9D /* LectureRouter.swift */,
			);
			path = LectureRouter;
			sourceTree = "<group>";
		};
		25E3EB432AC189C800165B9D /* Lecture */ = {
			isa = PBXGroup;
			children = (
				25E3EB442AC189DA00165B9D /* LectureAPI.swift */,
			);
			path = Lecture;
			sourceTree = "<group>";
		};
		25E3EB502AC27A8D00165B9D /* preLecture */ = {
			isa = PBXGroup;
			children = (
				25E3EB512AC27AA300165B9D /* preLectureDTO.swift */,
				25E3EB532AC27B5700165B9D /* PreLectureRequestBodyElement.swift */,
			);
			path = preLecture;
			sourceTree = "<group>";
		};
		25E3EB552AC27B6600165B9D /* preLecture */ = {
			isa = PBXGroup;
			children = (
				25E3EB562AC27B7700165B9D /* preLectureRouter.swift */,
			);
			path = preLecture;
			sourceTree = "<group>";
		};
		25E3EB582AC27C5900165B9D /* preLecture */ = {
			isa = PBXGroup;
			children = (
				25E3EB592AC27C5F00165B9D /* preLectureAPI.swift */,
			);
			path = preLecture;
			sourceTree = "<group>";
		};
		9EC5E2D22A924BB40047E6E7 /* Recommend */ = {
			isa = PBXGroup;
			children = (
				9EC5E2D52A924BE20047E6E7 /* ViewController */,
				9EC5E2D42A924BD40047E6E7 /* View */,
				9EC5E2D32A924BCD0047E6E7 /* DataModel */,
			);
			path = Recommend;
			sourceTree = "<group>";
		};
		9EC5E2D32A924BCD0047E6E7 /* DataModel */ = {
			isa = PBXGroup;
			children = (
				25D46EF42AAF6ABD008FA088 /* RecommendDataModel.swift */,
				2544196F2ABD508200207250 /* ImportRootModel.swift */,
			);
			path = DataModel;
			sourceTree = "<group>";
		};
		9EC5E2D42A924BD40047E6E7 /* View */ = {
			isa = PBXGroup;
			children = (
				9EC5E2DA2A9458070047E6E7 /* RecommendTableViewCell.swift */,
				9ECFA9412AAA15AD0060D12F /* CreateRecommendView.swift */,
				2544196D2ABD505B00207250 /* importRootTableViewCell.swift */,
			);
			path = View;
			sourceTree = "<group>";
		};
		9EC5E2D52A924BE20047E6E7 /* ViewController */ = {
			isa = PBXGroup;
			children = (
				9EC5E2DE2A99B5400047E6E7 /* RecommendVC.swift */,
				9ECFA93F2AAA13C40060D12F /* CreateRecommendVC.swift */,
				254419672ABD4FD500207250 /* DetailRecommendViewController.swift */,
				254419692ABD501600207250 /* CreateRecommendBottomSheetViewController.swift */,
				2544196B2ABD502A00207250 /* AlertViewOfRecommendController.swift */,
			);
			path = ViewController;
			sourceTree = "<group>";
		};
		E3546DD62A8DECD900ACFF3C /* Login */ = {
			isa = PBXGroup;
			children = (
				E3546DD72A8DECE600ACFF3C /* View */,
				E3546DD82A8DECEC00ACFF3C /* ViewController */,
			);
			path = Login;
			sourceTree = "<group>";
		};
		E3546DD72A8DECE600ACFF3C /* View */ = {
			isa = PBXGroup;
			children = (
				E3546DE42A8E15CC00ACFF3C /* LoginView.swift */,
			);
			path = View;
			sourceTree = "<group>";
		};
		E3546DD82A8DECEC00ACFF3C /* ViewController */ = {
			isa = PBXGroup;
			children = (
				E3546DD92A8DF6EF00ACFF3C /* LoginViewController.swift */,
			);
			path = ViewController;
			sourceTree = "<group>";
		};
		E3E83D4C2AA2097E0047C079 /* SignUp */ = {
			isa = PBXGroup;
			children = (
				E3E83D4E2AA209910047C079 /* View */,
				E3E83D4D2AA209890047C079 /* ViewController */,
			);
			path = SignUp;
			sourceTree = "<group>";
		};
		E3E83D4D2AA209890047C079 /* ViewController */ = {
			isa = PBXGroup;
			children = (
				E3E83D512AA20B110047C079 /* SignUpViewController.swift */,
				E3EC5D142ABAE23300325E7D /* CreateEmailAuthViewController.swift */,
			);
			path = ViewController;
			sourceTree = "<group>";
		};
		E3E83D4E2AA209910047C079 /* View */ = {
			isa = PBXGroup;
			children = (
				E3E83D4F2AA20AFF0047C079 /* SignUpView.swift */,
			);
			path = View;
			sourceTree = "<group>";
		};
		E3EC5D032AB421B700325E7D /* Setting */ = {
			isa = PBXGroup;
			children = (
				E3EC5D052AB421CF00325E7D /* ViewController */,
				E3EC5D042AB421C800325E7D /* View */,
			);
			path = Setting;
			sourceTree = "<group>";
		};
		E3EC5D042AB421C800325E7D /* View */ = {
			isa = PBXGroup;
			children = (
				E3EC5D062AB421E300325E7D /* SettingView.swift */,
				E3EC5D0E2AB96AB700325E7D /* EditProfileView.swift */,
			);
			path = View;
			sourceTree = "<group>";
		};
		E3EC5D052AB421CF00325E7D /* ViewController */ = {
			isa = PBXGroup;
			children = (
				E3EC5D082AB421F600325E7D /* SettingViewController.swift */,
				E3EC5D0C2AB6C23D00325E7D /* EditProfileViewController.swift */,
			);
			path = ViewController;
			sourceTree = "<group>";
		};
/* End PBXGroup section */

/* Begin PBXNativeTarget section */
		2539B9442A8CA48300E939AA /* SKHUAZ */ = {
			isa = PBXNativeTarget;
			buildConfigurationList = 2539B9592A8CA48400E939AA /* Build configuration list for PBXNativeTarget "SKHUAZ" */;
			buildPhases = (
				2539B9412A8CA48300E939AA /* Sources */,
				2539B9422A8CA48300E939AA /* Frameworks */,
				2539B9432A8CA48300E939AA /* Resources */,
			);
			buildRules = (
			);
			dependencies = (
			);
			name = SKHUAZ;
			packageProductDependencies = (
				2539B9992A8CA78700E939AA /* SnapKit */,
				2539B99C2A8CA79200E939AA /* Then */,
				2539B99F2A8CA79F00E939AA /* Alamofire */,
			);
			productName = SKHUAZ;
			productReference = 2539B9452A8CA48300E939AA /* SKHUAZ.app */;
			productType = "com.apple.product-type.application";
		};
/* End PBXNativeTarget section */

/* Begin PBXProject section */
		2539B93D2A8CA48300E939AA /* Project object */ = {
			isa = PBXProject;
			attributes = {
				BuildIndependentTargetsInParallel = 1;
				LastSwiftUpdateCheck = 1430;
				LastUpgradeCheck = 1430;
				TargetAttributes = {
					2539B9442A8CA48300E939AA = {
						CreatedOnToolsVersion = 14.3.1;
					};
				};
			};
			buildConfigurationList = 2539B9402A8CA48300E939AA /* Build configuration list for PBXProject "SKHUAZ" */;
			compatibilityVersion = "Xcode 14.0";
			developmentRegion = en;
			hasScannedForEncodings = 0;
			knownRegions = (
				en,
				Base,
			);
			mainGroup = 2539B93C2A8CA48300E939AA;
			packageReferences = (
				2539B9982A8CA78700E939AA /* XCRemoteSwiftPackageReference "SnapKit" */,
				2539B99B2A8CA79200E939AA /* XCRemoteSwiftPackageReference "Then" */,
				2539B99E2A8CA79F00E939AA /* XCRemoteSwiftPackageReference "Alamofire" */,
			);
			productRefGroup = 2539B9462A8CA48300E939AA /* Products */;
			projectDirPath = "";
			projectRoot = "";
			targets = (
				2539B9442A8CA48300E939AA /* SKHUAZ */,
			);
		};
/* End PBXProject section */

/* Begin PBXResourcesBuildPhase section */
		2539B9432A8CA48300E939AA /* Resources */ = {
			isa = PBXResourcesBuildPhase;
			buildActionMask = 2147483647;
			files = (
				2539B9552A8CA48400E939AA /* LaunchScreen.storyboard in Resources */,
				2539B9832A8CA6AD00E939AA /* Image.xcassets in Resources */,
				2539B9522A8CA48400E939AA /* Assets.xcassets in Resources */,
			);
			runOnlyForDeploymentPostprocessing = 0;
		};
/* End PBXResourcesBuildPhase section */

/* Begin PBXSourcesBuildPhase section */
		2539B9412A8CA48300E939AA /* Sources */ = {
			isa = PBXSourcesBuildPhase;
			buildActionMask = 2147483647;
			files = (
				25E3EB602AC28FA000165B9D /* AllProfessorDTO.swift in Sources */,
				9EC5E2DB2A9458070047E6E7 /* RecommendTableViewCell.swift in Sources */,
				2549C6CC2AA1BE4D006DB90A /* TabBarItem.swift in Sources */,
				2539B9932A8CA73000E939AA /* Image.swift in Sources */,
				E3EC5D092AB421F600325E7D /* SettingViewController.swift in Sources */,
				E3546DE72A9EC86A00ACFF3C /* CustomColor.swift in Sources */,
				25FA1D7F2AA585F50044B38F /* UILabelPadding.swift in Sources */,
				25E3EB522AC27AA300165B9D /* preLectureDTO.swift in Sources */,
				25E3EB5A2AC27C5F00165B9D /* preLectureAPI.swift in Sources */,
				2544196E2ABD505B00207250 /* importRootTableViewCell.swift in Sources */,
				25E3EB572AC27B7700165B9D /* preLectureRouter.swift in Sources */,
				259435DC2AB44CBE00B03EBF /* DetailEvaluateViewController.swift in Sources */,
				2539B9872A8CA6BF00E939AA /* Font.swift in Sources */,
				E3E83D502AA20AFF0047C079 /* SignUpView.swift in Sources */,
				25292C752ABD6FA5003845C5 /* AlamofireLogger.swift in Sources */,
				2539B9912A8CA72C00E939AA /* Color.swift in Sources */,
				25E3EB542AC27B5700165B9D /* PreLectureRequestBodyElement.swift in Sources */,
				E3EC5D072AB421E300325E7D /* SettingView.swift in Sources */,
				E3EC5CF82AAAF91200325E7D /* RadioButton.swift in Sources */,
				259435D62AB2DD8B00B03EBF /* LectureButton.swift in Sources */,
				259435D42AB2DA3E00B03EBF /* EssentialDataModel.swift in Sources */,
				2539B9952A8CA73A00E939AA /* Literals.swift in Sources */,
				25D46EE92AAEC5E6008FA088 /* CustomSlider.swift in Sources */,
				25FA1D8D2AA820090044B38F /* CreateEvaluateViewController.swift in Sources */,
				25FA1D852AA61BEC0044B38F /* CircleGraph.swift in Sources */,
				2539B9792A8CA63D00E939AA /* BaseViewController.swift in Sources */,
				25D46EFC2AB07E8C008FA088 /* EssentialViewController.swift in Sources */,
				2539B97F2A8CA66F00E939AA /* TabBarViewController.swift in Sources */,
				258A71DC2AA8AFC6001E8A5B /* UIViewController++.swift in Sources */,
				25292C8B2ABDDF15003845C5 /* EvaluateRouter.swift in Sources */,
				2539B9B82A8E57EF00E939AA /* UIStackView++.swift in Sources */,
				E3546DDA2A8DF6EF00ACFF3C /* LoginViewController.swift in Sources */,
				25D46EF52AAF6ABD008FA088 /* RecommendDataModel.swift in Sources */,
				2539B9712A8CA5D100E939AA /* URLConst.swift in Sources */,
				2539B9492A8CA48300E939AA /* AppDelegate.swift in Sources */,
				2539B9B02A8E4A0600E939AA /* EvaluateTableViewCell.swift in Sources */,
				25D46EEB2AAEE531008FA088 /* UIButton++.swift in Sources */,
				25FA1D892AA80A290044B38F /* EvaluateTextFieldView.swift in Sources */,
				259435D12AB15E2F00B03EBF /* EssentialSideView.swift in Sources */,
				258A71DA2AA89C1D001E8A5B /* UITextField++.swift in Sources */,
				25E3EB3E2AC1893C00165B9D /* SemestersDTO.swift in Sources */,
				2539B98F2A8CA70D00E939AA /* UIView++.swift in Sources */,
				25E3EB5C2AC28F4F00165B9D /* AllLectureRequestBody.swift in Sources */,
				2539B96D2A8CA5BB00E939AA /* Config.swift in Sources */,
				25E3EB422AC1896B00165B9D /* LectureRouter.swift in Sources */,
				25E3EB392AC0B86800165B9D /* SaveEssentialSubContainerView.swift in Sources */,
				2544196A2ABD501600207250 /* CreateRecommendBottomSheetViewController.swift in Sources */,
				25E3EB3C2AC0DD0800165B9D /* DetailEvaluateDTO.swift in Sources */,
				E3EC5D0D2AB6C23D00325E7D /* EditProfileViewController.swift in Sources */,
				2539B94B2A8CA48300E939AA /* SceneDelegate.swift in Sources */,
				258A71E82AA9B7FA001E8A5B /* AlertViewController.swift in Sources */,
				E3EC5D0F2AB96AB700325E7D /* EditProfileView.swift in Sources */,
				2544196C2ABD502A00207250 /* AlertViewOfRecommendController.swift in Sources */,
				2539B9AC2A8E499E00E939AA /* EvaluateViewController.swift in Sources */,
				251214662AB995EA005B8F43 /* CustomDropdownMenuSearch.swift in Sources */,
				25E3EB452AC189DA00165B9D /* LectureAPI.swift in Sources */,
				25E3EB4B2AC1C1D400165B9D /* CreateEvaluateRequestBody.swift in Sources */,
				9ECFA9422AAA15AD0060D12F /* CreateRecommendView.swift in Sources */,
				25292C6F2ABD6F52003845C5 /* NetworkResult.swift in Sources */,
				25D46EFA2AB07E84008FA088 /* EssentialView.swift in Sources */,
				9EC5E2DF2A99B5400047E6E7 /* RecommendVC.swift in Sources */,
				2539B96F2A8CA5C500E939AA /* BaseResponse.swift in Sources */,
				E3546DE52A8E15CC00ACFF3C /* LoginView.swift in Sources */,
				E3EC5D132AB996D700325E7D /* CustomDropDownMenuView.swift in Sources */,
				E3E83D522AA20B110047C079 /* SignUpViewController.swift in Sources */,
				2539B9772A8CA61300E939AA /* BaseView.swift in Sources */,
				E3EC5D152ABAE23300325E7D /* CreateEmailAuthViewController.swift in Sources */,
				25E3EB622AC28FC100165B9D /* AllProfessorRequestBody.swift in Sources */,
				E3EC5D022AAD59F500325E7D /* RadioButtonsStack.swift in Sources */,
				25FA1D8F2AA821B40044B38F /* EvaluateView.swift in Sources */,
				258A71DE2AA98EDB001E8A5B /* CreateEvaluateBottomSheetViewController.swift in Sources */,
				25292C8D2ABDDF77003845C5 /* EvaluateAPI.swift in Sources */,
				258A71D82AA89BB4001E8A5B /* UIResponder++.swift in Sources */,
				254419682ABD4FD500207250 /* DetailRecommendViewController.swift in Sources */,
				2539B9B62A8E531300E939AA /* EvaluateDataModel.swift in Sources */,
				2539B9972A8CA74900E939AA /* FontLevel.swift in Sources */,
				25E3EB492AC1C0B400165B9D /* CreateEvaluateDTO.swift in Sources */,
				25292C892ABDDF00003845C5 /* AllevaluateResponseDTO.swift in Sources */,
				25E3EB5E2AC28F7A00165B9D /* AllLectureDTO.swift in Sources */,
				254419722ABD50BA00207250 /* CustomRootContainer.swift in Sources */,
				25E3EB372AC0B07200165B9D /* SaveEssentialContainerView.swift in Sources */,
				9ECFA9402AAA13C40060D12F /* CreateRecommendVC.swift in Sources */,
				259435D82AB2FB8000B03EBF /* EssentialBottomSheetViewController.swift in Sources */,
				254419702ABD508200207250 /* ImportRootModel.swift in Sources */,
				2539B9652A8CA56100E939AA /* DTO.swift in Sources */,
				25292C712ABD6F89003845C5 /* BaseTargetType.swift in Sources */,
				25E3EB352AC0A6B500165B9D /* SaveEssentialViewController.swift in Sources */,
				25292C732ABD6F9A003845C5 /* BaseAPI.swift in Sources */,
			);
			runOnlyForDeploymentPostprocessing = 0;
		};
/* End PBXSourcesBuildPhase section */

/* Begin PBXVariantGroup section */
		2539B9532A8CA48400E939AA /* LaunchScreen.storyboard */ = {
			isa = PBXVariantGroup;
			children = (
				2539B9542A8CA48400E939AA /* Base */,
			);
			name = LaunchScreen.storyboard;
			sourceTree = "<group>";
		};
/* End PBXVariantGroup section */

/* Begin XCBuildConfiguration section */
		2539B9572A8CA48400E939AA /* Debug */ = {
			isa = XCBuildConfiguration;
			buildSettings = {
				ALWAYS_SEARCH_USER_PATHS = NO;
				BASE_URL = "http://skhuaz.duckdns.org";
				CLANG_ANALYZER_NONNULL = YES;
				CLANG_ANALYZER_NUMBER_OBJECT_CONVERSION = YES_AGGRESSIVE;
				CLANG_CXX_LANGUAGE_STANDARD = "gnu++20";
				CLANG_ENABLE_MODULES = YES;
				CLANG_ENABLE_OBJC_ARC = YES;
				CLANG_ENABLE_OBJC_WEAK = YES;
				CLANG_WARN_BLOCK_CAPTURE_AUTORELEASING = YES;
				CLANG_WARN_BOOL_CONVERSION = YES;
				CLANG_WARN_COMMA = YES;
				CLANG_WARN_CONSTANT_CONVERSION = YES;
				CLANG_WARN_DEPRECATED_OBJC_IMPLEMENTATIONS = YES;
				CLANG_WARN_DIRECT_OBJC_ISA_USAGE = YES_ERROR;
				CLANG_WARN_DOCUMENTATION_COMMENTS = YES;
				CLANG_WARN_EMPTY_BODY = YES;
				CLANG_WARN_ENUM_CONVERSION = YES;
				CLANG_WARN_INFINITE_RECURSION = YES;
				CLANG_WARN_INT_CONVERSION = YES;
				CLANG_WARN_NON_LITERAL_NULL_CONVERSION = YES;
				CLANG_WARN_OBJC_IMPLICIT_RETAIN_SELF = YES;
				CLANG_WARN_OBJC_LITERAL_CONVERSION = YES;
				CLANG_WARN_OBJC_ROOT_CLASS = YES_ERROR;
				CLANG_WARN_QUOTED_INCLUDE_IN_FRAMEWORK_HEADER = YES;
				CLANG_WARN_RANGE_LOOP_ANALYSIS = YES;
				CLANG_WARN_STRICT_PROTOTYPES = YES;
				CLANG_WARN_SUSPICIOUS_MOVE = YES;
				CLANG_WARN_UNGUARDED_AVAILABILITY = YES_AGGRESSIVE;
				CLANG_WARN_UNREACHABLE_CODE = YES;
				CLANG_WARN__DUPLICATE_METHOD_MATCH = YES;
				COPY_PHASE_STRIP = NO;
				DEBUG_INFORMATION_FORMAT = dwarf;
				ENABLE_STRICT_OBJC_MSGSEND = YES;
				ENABLE_TESTABILITY = YES;
				GCC_C_LANGUAGE_STANDARD = gnu11;
				GCC_DYNAMIC_NO_PIC = NO;
				GCC_NO_COMMON_BLOCKS = YES;
				GCC_OPTIMIZATION_LEVEL = 0;
				GCC_PREPROCESSOR_DEFINITIONS = (
					"DEBUG=1",
					"$(inherited)",
				);
				GCC_WARN_64_TO_32_BIT_CONVERSION = YES;
				GCC_WARN_ABOUT_RETURN_TYPE = YES_ERROR;
				GCC_WARN_UNDECLARED_SELECTOR = YES;
				GCC_WARN_UNINITIALIZED_AUTOS = YES_AGGRESSIVE;
				GCC_WARN_UNUSED_FUNCTION = YES;
				GCC_WARN_UNUSED_VARIABLE = YES;
				IPHONEOS_DEPLOYMENT_TARGET = 16.4;
				MTL_ENABLE_DEBUG_INFO = INCLUDE_SOURCE;
				MTL_FAST_MATH = YES;
				ONLY_ACTIVE_ARCH = YES;
				SDKROOT = iphoneos;
				SWIFT_ACTIVE_COMPILATION_CONDITIONS = DEBUG;
				SWIFT_OPTIMIZATION_LEVEL = "-Onone";
			};
			name = Debug;
		};
		2539B9582A8CA48400E939AA /* Release */ = {
			isa = XCBuildConfiguration;
			buildSettings = {
				ALWAYS_SEARCH_USER_PATHS = NO;
				BASE_URL = "http://skhuaz.duckdns.org";
				CLANG_ANALYZER_NONNULL = YES;
				CLANG_ANALYZER_NUMBER_OBJECT_CONVERSION = YES_AGGRESSIVE;
				CLANG_CXX_LANGUAGE_STANDARD = "gnu++20";
				CLANG_ENABLE_MODULES = YES;
				CLANG_ENABLE_OBJC_ARC = YES;
				CLANG_ENABLE_OBJC_WEAK = YES;
				CLANG_WARN_BLOCK_CAPTURE_AUTORELEASING = YES;
				CLANG_WARN_BOOL_CONVERSION = YES;
				CLANG_WARN_COMMA = YES;
				CLANG_WARN_CONSTANT_CONVERSION = YES;
				CLANG_WARN_DEPRECATED_OBJC_IMPLEMENTATIONS = YES;
				CLANG_WARN_DIRECT_OBJC_ISA_USAGE = YES_ERROR;
				CLANG_WARN_DOCUMENTATION_COMMENTS = YES;
				CLANG_WARN_EMPTY_BODY = YES;
				CLANG_WARN_ENUM_CONVERSION = YES;
				CLANG_WARN_INFINITE_RECURSION = YES;
				CLANG_WARN_INT_CONVERSION = YES;
				CLANG_WARN_NON_LITERAL_NULL_CONVERSION = YES;
				CLANG_WARN_OBJC_IMPLICIT_RETAIN_SELF = YES;
				CLANG_WARN_OBJC_LITERAL_CONVERSION = YES;
				CLANG_WARN_OBJC_ROOT_CLASS = YES_ERROR;
				CLANG_WARN_QUOTED_INCLUDE_IN_FRAMEWORK_HEADER = YES;
				CLANG_WARN_RANGE_LOOP_ANALYSIS = YES;
				CLANG_WARN_STRICT_PROTOTYPES = YES;
				CLANG_WARN_SUSPICIOUS_MOVE = YES;
				CLANG_WARN_UNGUARDED_AVAILABILITY = YES_AGGRESSIVE;
				CLANG_WARN_UNREACHABLE_CODE = YES;
				CLANG_WARN__DUPLICATE_METHOD_MATCH = YES;
				COPY_PHASE_STRIP = NO;
				DEBUG_INFORMATION_FORMAT = "dwarf-with-dsym";
				ENABLE_NS_ASSERTIONS = NO;
				ENABLE_STRICT_OBJC_MSGSEND = YES;
				GCC_C_LANGUAGE_STANDARD = gnu11;
				GCC_NO_COMMON_BLOCKS = YES;
				GCC_WARN_64_TO_32_BIT_CONVERSION = YES;
				GCC_WARN_ABOUT_RETURN_TYPE = YES_ERROR;
				GCC_WARN_UNDECLARED_SELECTOR = YES;
				GCC_WARN_UNINITIALIZED_AUTOS = YES_AGGRESSIVE;
				GCC_WARN_UNUSED_FUNCTION = YES;
				GCC_WARN_UNUSED_VARIABLE = YES;
				IPHONEOS_DEPLOYMENT_TARGET = 16.4;
				MTL_ENABLE_DEBUG_INFO = NO;
				MTL_FAST_MATH = YES;
				SDKROOT = iphoneos;
				SWIFT_COMPILATION_MODE = wholemodule;
				SWIFT_OPTIMIZATION_LEVEL = "-O";
				VALIDATE_PRODUCT = YES;
			};
			name = Release;
		};
		2539B95A2A8CA48400E939AA /* Debug */ = {
			isa = XCBuildConfiguration;
			buildSettings = {
				ASSETCATALOG_COMPILER_APPICON_NAME = AppIcon;
				ASSETCATALOG_COMPILER_GLOBAL_ACCENT_COLOR_NAME = AccentColor;
				BASE_URL = "http://skhuaz.duckdns.org";
				CODE_SIGN_STYLE = Automatic;
				CURRENT_PROJECT_VERSION = 1;
				DEVELOPMENT_TEAM = X96X8FG389;
				GENERATE_INFOPLIST_FILE = YES;
				INFOPLIST_FILE = SKHUAZ/Application/Info.plist;
				INFOPLIST_KEY_UIApplicationSupportsIndirectInputEvents = YES;
				INFOPLIST_KEY_UILaunchStoryboardName = LaunchScreen;
				INFOPLIST_KEY_UISupportedInterfaceOrientations_iPad = "UIInterfaceOrientationPortrait UIInterfaceOrientationPortraitUpsideDown UIInterfaceOrientationLandscapeLeft UIInterfaceOrientationLandscapeRight";
				INFOPLIST_KEY_UISupportedInterfaceOrientations_iPhone = "UIInterfaceOrientationPortrait UIInterfaceOrientationLandscapeLeft UIInterfaceOrientationLandscapeRight";
				LD_RUNPATH_SEARCH_PATHS = (
					"$(inherited)",
					"@executable_path/Frameworks",
				);
				MARKETING_VERSION = 1.0;
				PRODUCT_BUNDLE_IDENTIFIER = "Sopt-Cheon.SKHUAZ";
				PRODUCT_NAME = "$(TARGET_NAME)";
				SWIFT_EMIT_LOC_STRINGS = YES;
				SWIFT_VERSION = 5.0;
				TARGETED_DEVICE_FAMILY = "1,2";
			};
			name = Debug;
		};
		2539B95B2A8CA48400E939AA /* Release */ = {
			isa = XCBuildConfiguration;
			buildSettings = {
				ASSETCATALOG_COMPILER_APPICON_NAME = AppIcon;
				ASSETCATALOG_COMPILER_GLOBAL_ACCENT_COLOR_NAME = AccentColor;
				BASE_URL = "http://skhuaz.duckdns.org";
				CODE_SIGN_STYLE = Automatic;
				CURRENT_PROJECT_VERSION = 1;
				DEVELOPMENT_TEAM = X96X8FG389;
				GENERATE_INFOPLIST_FILE = YES;
				INFOPLIST_FILE = SKHUAZ/Application/Info.plist;
				INFOPLIST_KEY_UIApplicationSupportsIndirectInputEvents = YES;
				INFOPLIST_KEY_UILaunchStoryboardName = LaunchScreen;
				INFOPLIST_KEY_UISupportedInterfaceOrientations_iPad = "UIInterfaceOrientationPortrait UIInterfaceOrientationPortraitUpsideDown UIInterfaceOrientationLandscapeLeft UIInterfaceOrientationLandscapeRight";
				INFOPLIST_KEY_UISupportedInterfaceOrientations_iPhone = "UIInterfaceOrientationPortrait UIInterfaceOrientationLandscapeLeft UIInterfaceOrientationLandscapeRight";
				LD_RUNPATH_SEARCH_PATHS = (
					"$(inherited)",
					"@executable_path/Frameworks",
				);
				MARKETING_VERSION = 1.0;
				PRODUCT_BUNDLE_IDENTIFIER = "Sopt-Cheon.SKHUAZ";
				PRODUCT_NAME = "$(TARGET_NAME)";
				SWIFT_EMIT_LOC_STRINGS = YES;
				SWIFT_VERSION = 5.0;
				TARGETED_DEVICE_FAMILY = "1,2";
			};
			name = Release;
		};
/* End XCBuildConfiguration section */

/* Begin XCConfigurationList section */
		2539B9402A8CA48300E939AA /* Build configuration list for PBXProject "SKHUAZ" */ = {
			isa = XCConfigurationList;
			buildConfigurations = (
				2539B9572A8CA48400E939AA /* Debug */,
				2539B9582A8CA48400E939AA /* Release */,
			);
			defaultConfigurationIsVisible = 0;
			defaultConfigurationName = Release;
		};
		2539B9592A8CA48400E939AA /* Build configuration list for PBXNativeTarget "SKHUAZ" */ = {
			isa = XCConfigurationList;
			buildConfigurations = (
				2539B95A2A8CA48400E939AA /* Debug */,
				2539B95B2A8CA48400E939AA /* Release */,
			);
			defaultConfigurationIsVisible = 0;
			defaultConfigurationName = Release;
		};
/* End XCConfigurationList section */

/* Begin XCRemoteSwiftPackageReference section */
		2539B9982A8CA78700E939AA /* XCRemoteSwiftPackageReference "SnapKit" */ = {
			isa = XCRemoteSwiftPackageReference;
			repositoryURL = "https://github.com/SnapKit/SnapKit.git";
			requirement = {
				kind = upToNextMajorVersion;
				minimumVersion = 5.0.0;
			};
		};
		2539B99B2A8CA79200E939AA /* XCRemoteSwiftPackageReference "Then" */ = {
			isa = XCRemoteSwiftPackageReference;
			repositoryURL = "https://github.com/devxoul/Then.git";
			requirement = {
				kind = upToNextMajorVersion;
				minimumVersion = 3.0.0;
			};
		};
		2539B99E2A8CA79F00E939AA /* XCRemoteSwiftPackageReference "Alamofire" */ = {
			isa = XCRemoteSwiftPackageReference;
			repositoryURL = "https://github.com/Alamofire/Alamofire.git";
			requirement = {
				kind = upToNextMajorVersion;
				minimumVersion = 5.0.0;
			};
		};
/* End XCRemoteSwiftPackageReference section */

/* Begin XCSwiftPackageProductDependency section */
		2539B9992A8CA78700E939AA /* SnapKit */ = {
			isa = XCSwiftPackageProductDependency;
			package = 2539B9982A8CA78700E939AA /* XCRemoteSwiftPackageReference "SnapKit" */;
			productName = SnapKit;
		};
		2539B99C2A8CA79200E939AA /* Then */ = {
			isa = XCSwiftPackageProductDependency;
			package = 2539B99B2A8CA79200E939AA /* XCRemoteSwiftPackageReference "Then" */;
			productName = Then;
		};
		2539B99F2A8CA79F00E939AA /* Alamofire */ = {
			isa = XCSwiftPackageProductDependency;
			package = 2539B99E2A8CA79F00E939AA /* XCRemoteSwiftPackageReference "Alamofire" */;
			productName = Alamofire;
		};
/* End XCSwiftPackageProductDependency section */
	};
	rootObject = 2539B93D2A8CA48300E939AA /* Project object */;
}
